
Microsoft Visual Studio Solution File, Format Version 12.00
# Visual Studio Version 17
VisualStudioVersion = 17.2.32630.192
MinimumVisualStudioVersion = 10.0.40219.1
Project("{FAE04EC0-301F-11D3-BF4B-00C04F79EFBC}") = "SpinnerExamples", "SpinnerExamples\SpinnerExamples.csproj", "{BBBC4D2B-1EA3-4C08-866D-20DDB56C3CD0}"
EndProject
Global
	GlobalSection(SolutionConfigurationPlatforms) = preSolution
		Debug|Any CPU = Debug|Any CPU
		Release|Any CPU = Release|Any CPU
	EndGlobalSection
	GlobalSection(ProjectConfigurationPlatforms) = postSolution
		{BBBC4D2B-1EA3-4C08-866D-20DDB56C3CD0}.Debug|Any CPU.ActiveCfg = Debug|Any CPU
		{BBBC4D2B-1EA3-4C08-866D-20DDB56C3CD0}.Debug|Any CPU.Build.0 = Debug|Any CPU
		{BBBC4D2B-1EA3-4C08-866D-20DDB56C3CD0}.Release|Any CPU.ActiveCfg = Release|Any CPU
		{BBBC4D2B-1EA3-4C08-866D-20DDB56C3CD0}.Release|Any CPU.Build.0 = Release|Any CPU
	EndGlobalSection
	GlobalSection(SolutionProperties) = preSolution
		HideSolutionNode = FALSE
	EndGlobalSection
	GlobalSection(ExtensibilityGlobals) = postSolution
		SolutionGuid = {98B2D667-F558-490C-92B5-A0479D87990E}
	EndGlobalSection
EndGlobal
